<Solution>
  <Folder Name="/src/">
    <Project Path="src/FallbackPlan.Agent/FallbackPlan.Agent.csproj" />
    <Project Path="src/FallbackPlan.Api/FallbackPlan.Api.csproj" />
    <Project Path="src/FallbackPlan.Application/FallbackPlan.Application.csproj" />
    <Project Path="src/FallbackPlan.Cli/FallbackPlan.Cli.csproj" />
    <Project Path="src/FallbackPlan.Domain/FallbackPlan.Domain.csproj" />
    <Project Path="src/FallbackPlan.Filesystem.Local/FallbackPlan.Filesystem.Local.csproj" />
    <Project Path="src/FallbackPlan.Filesystem/FallbackPlan.Filesystem.csproj" />
    <Project Path="src/FallbackPlan.Import.Abstractions/FallbackPlan.Import.Abstractions.csproj" />
    <Project Path="src/FallbackPlan.Keystore/FallbackPlan.Keystore.csproj" />
    <Project Path="src/FallbackPlan.Protocol/FallbackPlan.Protocol.csproj" />
    <Project Path="src/FallbackPlan.Replication/FallbackPlan.Replication.csproj" />
    <Project Path="src/FallbackPlan.Recovery/FallbackPlan.Recovery.csproj">
      <Build Solution="Debug|*" Project="false" />
    </Project>
    <Project Path="src/FallbackPlan.Repository.Catalogue/FallbackPlan.Repository.Catalogue.csproj" />
    <Project Path="src/FallbackPlan.Repository.Crypto/FallbackPlan.Repository.Crypto.csproj" />
    <Project Path="src/FallbackPlan.Repository.Format/FallbackPlan.Repository.Format.csproj" />
    <Project Path="src/FallbackPlan.Repository.Index/FallbackPlan.Repository.Index.csproj" />
    <Project Path="src/FallbackPlan.Repository.Packing/FallbackPlan.Repository.Packing.csproj" />
    <Project Path="src/FallbackPlan.Repository.Segmentation/FallbackPlan.Repository.Segmentation.csproj" />
    <Project Path="src/FallbackPlan.Repository/FallbackPlan.Repository.csproj" />
    <Project Path="src/FallbackPlan.Restore/FallbackPlan.Restore.csproj">
      <Build Solution="Debug|*" Project="false" />
    </Project>
    <Project Path="src/FallbackPlan.Storage.Abstractions/FallbackPlan.Storage.Abstractions.csproj" />
    <Project Path="src/FallbackPlan.Storage.Local/FallbackPlan.Storage.Local.csproj" />
  </Folder>
  <Folder Name="/tests/">
    <Project Path="tests/FallbackPlan.Api.Tests/FallbackPlan.Api.Tests.csproj" />
    <Project Path="tests/FallbackPlan.Application.Tests/FallbackPlan.Application.Tests.csproj" />
    <Project Path="tests/FallbackPlan.ArchitectureTests/FallbackPlan.ArchitectureTests.csproj" />
    <Project Path="tests/FallbackPlan.Cli.Tests/FallbackPlan.Cli.Tests.csproj" />
    <Project Path="tests/FallbackPlan.Domain.Tests/FallbackPlan.Domain.Tests.csproj" />
    <Project Path="tests/FallbackPlan.Filesystem.Tests/FallbackPlan.Filesystem.Tests.csproj" />
    <Project Path="tests/FallbackPlan.Hosts.Tests/FallbackPlan.Hosts.Tests.csproj" />
    <Project Path="tests/FallbackPlan.InterruptionTests/FallbackPlan.InterruptionTests.csproj" />
    <Project Path="tests/FallbackPlan.PerformanceTests/FallbackPlan.PerformanceTests.csproj" />
    <Project Path="tests/FallbackPlan.Protocol.Tests/FallbackPlan.Protocol.Tests.csproj" />
    <Project Path="tests/FallbackPlan.Repository.ConformanceTests/FallbackPlan.Repository.ConformanceTests.csproj" />
    <Project Path="tests/FallbackPlan.Repository.FuzzTests/FallbackPlan.Repository.FuzzTests.csproj" />
    <Project Path="tests/FallbackPlan.Repository.Tests/FallbackPlan.Repository.Tests.csproj" />
    <Project Path="tests/FallbackPlan.Storage.ContractTests/FallbackPlan.Storage.ContractTests.csproj" />
    <Project Path="tests/FallbackPlan.TestSupport/FallbackPlan.TestSupport.csproj">
      <Build Solution="Debug|*" Project="false" />
    </Project>
  </Folder>
</Solution>
