{
  "version": 2,
  "dependencies": {
    "net10.0": {
      "Bodu.Text.Encoding": {
        "type": "Direct",
        "requested": "[0.1.1, )",
        "resolved": "0.1.1",
        "contentHash": "PoYL+h1xvxAJD1ajdpXDfAFdMSCe+DCQmFRzF+N1EVgS+B0/OEX0iAsYb+jzew5FAAzX5gVVkziggRdS2YxasQ==",
        "dependencies": {
          "Bodu.Core": "0.1.1"
        }
      },
      "Bodu.Core": {
        "type": "CentralTransitive",
        "requested": "[0.1.1, )",
        "resolved": "0.1.1",
        "contentHash": "SB2EBZDnyr0noyWMYdNdc43ix1jdrX8eupe9GJrRniv/gd0EIL6/SrNDTjSoXVBQfOn/U4LslQ6bM/qIeWNwaw=="
      }
    }
  }
}