{
  "version": 2,
  "dependencies": {
    "net10.0": {
      "Bodu.Core": {
        "type": "Direct",
        "requested": "[0.2.0, )",
        "resolved": "0.2.0",
        "contentHash": "oGM1KMjlzU7EDYzvpbZcj7d+nfFxUBuOP1rpgOLnkICbEEast51OeRxwzIMtaOocAPYz04aUj4Cybu4nJBYV1Q=="
      },
      "Microsoft.Extensions.Logging.Abstractions": {
        "type": "Direct",
        "requested": "[10.0.10, )",
        "resolved": "10.0.10",
        "contentHash": "zkFxGYUvdxAvIKTyXHrmW+Sux53D4SezD9dMyZ6hrwwzPQJNuwCRy1f5W7AvYTqacEGhWF2XderRQG1OvbV8og==",
        "dependencies": {
          "Microsoft.Extensions.DependencyInjection.Abstractions": "10.0.10"
        }
      },
      "Microsoft.Extensions.DependencyInjection.Abstractions": {
        "type": "Transitive",
        "resolved": "10.0.10",
        "contentHash": "z/2xXlFw2aLGjHyEm6E0tQ+In6VfzQzTrtArbQ2c0TQE16ZbyDCMGPvaUT9I0s8rgy9sRWlU2P9waW37qV04qA=="
      },
      "fallbackplan.domain": {
        "type": "Project",
        "dependencies": {
          "Bodu.Core": "[0.2.0, )",
          "Bodu.Text.Encoding": "[0.2.0, )",
          "Microsoft.Extensions.Logging.Abstractions": "[10.0.10, )"
        }
      },
      "fallbackplan.filesystem": {
        "type": "Project",
        "dependencies": {
          "FallbackPlan.Domain": "[1.0.0, )",
          "FallbackPlan.Repository.Format": "[1.0.0, )",
          "Microsoft.Extensions.Logging.Abstractions": "[10.0.10, )"
        }
      },
      "fallbackplan.repository.format": {
        "type": "Project",
        "dependencies": {
          "Bodu.Core": "[0.2.0, )",
          "FallbackPlan.Domain": "[1.0.0, )",
          "Microsoft.Extensions.Logging.Abstractions": "[10.0.10, )",
          "System.Formats.Cbor": "[10.0.10, )",
          "ZstdSharp.Port": "[0.8.8, )"
        }
      },
      "Bodu.Text.Encoding": {
        "type": "CentralTransitive",
        "requested": "[0.2.0, )",
        "resolved": "0.2.0",
        "contentHash": "11rZJ70vk21ZSadBFrLVOacL/QkPWxbqmxdpfv8Y7/A4/l51SIqwUwrPsjavym4sHCsMnwvVBElBBgx3aMqznQ==",
        "dependencies": {
          "Bodu.Core": "0.2.0"
        }
      },
      "System.Formats.Cbor": {
        "type": "CentralTransitive",
        "requested": "[10.0.10, )",
        "resolved": "10.0.10",
        "contentHash": "V8XZBZsORS+NMhM5hc7doU0wKgDe0lJaaUkZGlAgpbYqN5Pd11I3pxwoRQgEyUVbDri/+qm7YCp49gCTYcbqJQ=="
      },
      "ZstdSharp.Port": {
        "type": "CentralTransitive",
        "requested": "[0.8.8, )",
        "resolved": "0.8.8",
        "contentHash": "UIDFkA5DC3en3tOJ3Mof11yBx9kUQLsaeo/oFdvN6Bbkr9E9+VCqfIadHci8cu+I51K2Sl7XYWVl2R/mA75NBQ=="
      }
    }
  }
}