{
  "version": 2,
  "dependencies": {
    "net10.0": {
      "Bodu.Core": {
        "type": "Direct",
        "requested": "[1.0.0, )",
        "resolved": "1.0.0",
        "contentHash": "3O189QLbaDEiA5UN0ATfKugtalS3g8CTbjEjsPdPNv9AHz1VSX28WEippwqSLd2k14ELfHSSJTu/zIurB42WlQ=="
      },
      "Bodu.Security.Cryptography": {
        "type": "Direct",
        "requested": "[1.0.0, )",
        "resolved": "1.0.0",
        "contentHash": "Qd5I8c76hWWDnrNSxs/vM1bqk1o5HHtILDI8nWPaooUXpH6bV7kh08huXKBtuQd3g2aIcf5F6UhZtCwLP6gp2w==",
        "dependencies": {
          "Bodu.Core": "1.0.0"
        }
      },
      "Microsoft.Extensions.Logging.Abstractions": {
        "type": "Direct",
        "requested": "[10.0.10, )",
        "resolved": "10.0.10",
        "contentHash": "zkFxGYUvdxAvIKTyXHrmW+Sux53D4SezD9dMyZ6hrwwzPQJNuwCRy1f5W7AvYTqacEGhWF2XderRQG1OvbV8og==",
        "dependencies": {
          "Microsoft.Extensions.DependencyInjection.Abstractions": "10.0.10"
        }
      },
      "System.Formats.Cbor": {
        "type": "Direct",
        "requested": "[10.0.10, )",
        "resolved": "10.0.10",
        "contentHash": "V8XZBZsORS+NMhM5hc7doU0wKgDe0lJaaUkZGlAgpbYqN5Pd11I3pxwoRQgEyUVbDri/+qm7YCp49gCTYcbqJQ=="
      },
      "Microsoft.Extensions.DependencyInjection.Abstractions": {
        "type": "Transitive",
        "resolved": "10.0.10",
        "contentHash": "z/2xXlFw2aLGjHyEm6E0tQ+In6VfzQzTrtArbQ2c0TQE16ZbyDCMGPvaUT9I0s8rgy9sRWlU2P9waW37qV04qA=="
      },
      "fallbackplan.domain": {
        "type": "Project",
        "dependencies": {
          "Bodu.Core": "[1.0.0, )",
          "Bodu.Text.Encoding": "[1.0.0, )",
          "Microsoft.Extensions.Logging.Abstractions": "[10.0.10, )"
        }
      },
      "Bodu.Text.Encoding": {
        "type": "CentralTransitive",
        "requested": "[1.0.0, )",
        "resolved": "1.0.0",
        "contentHash": "428j1DCm/iFZDtkA4FZv+VO+IxYIxCn4NolmFQUms4CqOtuIDT0YS7wM0DTTxfa/oNyBLhr9AcaF2QCC54CyJQ==",
        "dependencies": {
          "Bodu.Core": "1.0.0"
        }
      }
    }
  }
}