{
  "version": 2,
  "dependencies": {
    "net10.0": {
      "Bodu.Globalization.Recurrence": {
        "type": "Direct",
        "requested": "[0.1.2-local.10226cf, )",
        "resolved": "0.1.2-local.10226cf",
        "contentHash": "JMzP+n51+cvYr4t3/KeTr/1C3hbFlvqK1Xq7Y33J8gUYFAEFPDT83pW/LTiWzOtiTn+woRXZfAaB673je7Z3cg==",
        "dependencies": {
          "Bodu.Core": "0.1.1"
        }
      },
      "fallbackplan.domain": {
        "type": "Project",
        "dependencies": {
          "Bodu.Text.Encoding": "[0.1.1, )"
        }
      },
      "Bodu.Core": {
        "type": "CentralTransitive",
        "requested": "[0.1.1, )",
        "resolved": "0.1.1",
        "contentHash": "SB2EBZDnyr0noyWMYdNdc43ix1jdrX8eupe9GJrRniv/gd0EIL6/SrNDTjSoXVBQfOn/U4LslQ6bM/qIeWNwaw=="
      },
      "Bodu.Text.Encoding": {
        "type": "CentralTransitive",
        "requested": "[0.1.1, )",
        "resolved": "0.1.1",
        "contentHash": "PoYL+h1xvxAJD1ajdpXDfAFdMSCe+DCQmFRzF+N1EVgS+B0/OEX0iAsYb+jzew5FAAzX5gVVkziggRdS2YxasQ==",
        "dependencies": {
          "Bodu.Core": "0.1.1"
        }
      }
    }
  }
}