{
  "version": 2,
  "dependencies": {
    "net10.0": {
      "Bodu.Core": {
        "type": "Direct",
        "requested": "[0.2.0, )",
        "resolved": "0.2.0",
        "contentHash": "oGM1KMjlzU7EDYzvpbZcj7d+nfFxUBuOP1rpgOLnkICbEEast51OeRxwzIMtaOocAPYz04aUj4Cybu4nJBYV1Q=="
      },
      "Bodu.Globalization.Recurrence": {
        "type": "Direct",
        "requested": "[0.2.0, )",
        "resolved": "0.2.0",
        "contentHash": "qclb18XDJXwMpRn/60TheOGO6qgEH2hQoZnEJ8XmMDyOtZMxBK3Om3umc8UB6lk+XWJJV1oE4hI3hMWmc8bbaQ==",
        "dependencies": {
          "Bodu.Core": "0.2.0"
        }
      },
      "fallbackplan.domain": {
        "type": "Project",
        "dependencies": {
          "Bodu.Core": "[0.2.0, )",
          "Bodu.Text.Encoding": "[0.2.0, )"
        }
      },
      "Bodu.Text.Encoding": {
        "type": "CentralTransitive",
        "requested": "[0.2.0, )",
        "resolved": "0.2.0",
        "contentHash": "11rZJ70vk21ZSadBFrLVOacL/QkPWxbqmxdpfv8Y7/A4/l51SIqwUwrPsjavym4sHCsMnwvVBElBBgx3aMqznQ==",
        "dependencies": {
          "Bodu.Core": "0.2.0"
        }
      }
    }
  }
}