{
  "version": 2,
  "dependencies": {
    "net10.0": {
      "Bodu.Security.Cryptography": {
        "type": "Direct",
        "requested": "[0.1.0, )",
        "resolved": "0.1.0",
        "contentHash": "QKfLXphFEg+LqLP/QIDEn1ltl2y2Vi1HXAD3vD40sdDlzWBRmI8J3Bv7dC9t/wxopJ0WPCV8CRwMKqkdW0JQpQ==",
        "dependencies": {
          "Bodu.Core": "0.1.0"
        }
      },
      "fallbackplan.domain": {
        "type": "Project"
      },
      "Bodu.Core": {
        "type": "CentralTransitive",
        "requested": "[0.1.0, )",
        "resolved": "0.1.0",
        "contentHash": "giH6Xeybtjaaf6RLHfugNlNjEG4eBUk7GFxMeJXbup3KH5OYZ8zu7Yrw7gwr7bOCZQCQEOp0iepy8vAgeTh56A=="
      }
    }
  }
}